
Microsoft Visual Studio Solution File, Format Version 12.00
# Visual Studio 2013
VisualStudioVersion = 12.0.21005.1
MinimumVisualStudioVersion = 10.0.40219.1
Project("{FAE04EC0-301F-11D3-BF4B-00C04F79EFBC}") = "CalculatorLibrary", "CalculatorLibrary\CalculatorLibrary.csproj", "{58A92E7C-8285-47CB-863B-016F23C42DA9}"
EndProject
Project("{FAE04EC0-301F-11D3-BF4B-00C04F79EFBC}") = "CalculatorLibrary.Test", "CalculatorLibrary.Test\CalculatorLibrary.Test.csproj", "{13ED85AC-9C31-4370-AB23-BB65152B80B2}"
EndProject
Global
	GlobalSection(SolutionConfigurationPlatforms) = preSolution
		Debug|Any CPU = Debug|Any CPU
		Release|Any CPU = Release|Any CPU
	EndGlobalSection
	GlobalSection(ProjectConfigurationPlatforms) = postSolution
		{58A92E7C-8285-47CB-863B-016F23C42DA9}.Debug|Any CPU.ActiveCfg = Debug|Any CPU
		{58A92E7C-8285-47CB-863B-016F23C42DA9}.Debug|Any CPU.Build.0 = Debug|Any CPU
		{58A92E7C-8285-47CB-863B-016F23C42DA9}.Release|Any CPU.ActiveCfg = Release|Any CPU
		{58A92E7C-8285-47CB-863B-016F23C42DA9}.Release|Any CPU.Build.0 = Release|Any CPU
		{13ED85AC-9C31-4370-AB23-BB65152B80B2}.Debug|Any CPU.ActiveCfg = Debug|Any CPU
		{13ED85AC-9C31-4370-AB23-BB65152B80B2}.Debug|Any CPU.Build.0 = Debug|Any CPU
		{13ED85AC-9C31-4370-AB23-BB65152B80B2}.Release|Any CPU.ActiveCfg = Release|Any CPU
		{13ED85AC-9C31-4370-AB23-BB65152B80B2}.Release|Any CPU.Build.0 = Release|Any CPU
	EndGlobalSection
	GlobalSection(SolutionProperties) = preSolution
		HideSolutionNode = FALSE
	EndGlobalSection
EndGlobal
